
Microsoft Visual Studio Solution File, Format Version 12.00
# Visual Studio Version 16
VisualStudioVersion = 16.0.29306.81
MinimumVisualStudioVersion = 10.0.40219.1
Project("{FAE04EC0-301F-11D3-BF4B-00C04F79EFBC}") = "01_Strategy_Pattern", "01_Strategy_Pattern\01_Strategy_Pattern.csproj", "{989EFDCB-9083-4D0D-A0A5-5F7C0E54D5E3}"
EndProject
Project("{FAE04EC0-301F-11D3-BF4B-00C04F79EFBC}") = "00_Test_App", "00_Test_App\00_Test_App.csproj", "{6F97520B-AAA2-4E97-A5BE-FE4B2D7513E4}"
EndProject
Global
	GlobalSection(SolutionConfigurationPlatforms) = preSolution
		Debug|Any CPU = Debug|Any CPU
		Release|Any CPU = Release|Any CPU
	EndGlobalSection
	GlobalSection(ProjectConfigurationPlatforms) = postSolution
		{989EFDCB-9083-4D0D-A0A5-5F7C0E54D5E3}.Debug|Any CPU.ActiveCfg = Debug|Any CPU
		{989EFDCB-9083-4D0D-A0A5-5F7C0E54D5E3}.Debug|Any CPU.Build.0 = Debug|Any CPU
		{989EFDCB-9083-4D0D-A0A5-5F7C0E54D5E3}.Release|Any CPU.ActiveCfg = Release|Any CPU
		{989EFDCB-9083-4D0D-A0A5-5F7C0E54D5E3}.Release|Any CPU.Build.0 = Release|Any CPU
		{6F97520B-AAA2-4E97-A5BE-FE4B2D7513E4}.Debug|Any CPU.ActiveCfg = Debug|Any CPU
		{6F97520B-AAA2-4E97-A5BE-FE4B2D7513E4}.Debug|Any CPU.Build.0 = Debug|Any CPU
		{6F97520B-AAA2-4E97-A5BE-FE4B2D7513E4}.Release|Any CPU.ActiveCfg = Release|Any CPU
		{6F97520B-AAA2-4E97-A5BE-FE4B2D7513E4}.Release|Any CPU.Build.0 = Release|Any CPU
	EndGlobalSection
	GlobalSection(SolutionProperties) = preSolution
		HideSolutionNode = FALSE
	EndGlobalSection
	GlobalSection(ExtensibilityGlobals) = postSolution
		SolutionGuid = {C6FB66E2-0F0E-4E9D-AB10-A4AFADF49DD9}
	EndGlobalSection
EndGlobal
